
Microsoft Visual Studio Solution File, Format Version 12.00
# Visual Studio Version 17
VisualStudioVersion = 17.1.32319.34
MinimumVisualStudioVersion = 10.0.40219.1
Project("{9A19103F-16F7-4668-BE54-9A1E7A4F7556}") = "Event2206", "Event2206\Event2206.csproj", "{BFA08158-A04A-4369-AA8F-0FD06B7DD01F}"
EndProject
Project("{9A19103F-16F7-4668-BE54-9A1E7A4F7556}") = "Event2206.Data", "Event2206.Data\Event2206.Data.csproj", "{BB668EF5-C471-4EC5-BFC9-DA96224333CD}"
EndProject
Global
	GlobalSection(SolutionConfigurationPlatforms) = preSolution
		Debug|Any CPU = Debug|Any CPU
		Release|Any CPU = Release|Any CPU
	EndGlobalSection
	GlobalSection(ProjectConfigurationPlatforms) = postSolution
		{BFA08158-A04A-4369-AA8F-0FD06B7DD01F}.Debug|Any CPU.ActiveCfg = Debug|Any CPU
		{BFA08158-A04A-4369-AA8F-0FD06B7DD01F}.Debug|Any CPU.Build.0 = Debug|Any CPU
		{BFA08158-A04A-4369-AA8F-0FD06B7DD01F}.Release|Any CPU.ActiveCfg = Release|Any CPU
		{BFA08158-A04A-4369-AA8F-0FD06B7DD01F}.Release|Any CPU.Build.0 = Release|Any CPU
		{BB668EF5-C471-4EC5-BFC9-DA96224333CD}.Debug|Any CPU.ActiveCfg = Debug|Any CPU
		{BB668EF5-C471-4EC5-BFC9-DA96224333CD}.Debug|Any CPU.Build.0 = Debug|Any CPU
		{BB668EF5-C471-4EC5-BFC9-DA96224333CD}.Release|Any CPU.ActiveCfg = Release|Any CPU
		{BB668EF5-C471-4EC5-BFC9-DA96224333CD}.Release|Any CPU.Build.0 = Release|Any CPU
	EndGlobalSection
	GlobalSection(SolutionProperties) = preSolution
		HideSolutionNode = FALSE
	EndGlobalSection
	GlobalSection(ExtensibilityGlobals) = postSolution
		SolutionGuid = {639A78C2-21D0-4022-A367-C8D37C6BE77E}
	EndGlobalSection
EndGlobal
